
Microsoft Visual Studio Solution File, Format Version 12.00
# Visual Studio Version 17
VisualStudioVersion = 17.12.35728.132
MinimumVisualStudioVersion = 10.0.40219.1
Project("{FAE04EC0-301F-11D3-BF4B-00C04F79EFBC}") = "Car_Rental_System.API", "Car_Rental_System.API.csproj", "{4FB666B2-4F1F-44B3-8C13-A389605949AC}"
EndProject
Project("{FAE04EC0-301F-11D3-BF4B-00C04F79EFBC}") = "Car_Rental_System.Application", "..\Car_Rental_System.Application\Car_Rental_System.Application.csproj", "{A1AA10FD-694F-431B-AEF1-CC06C5FBA438}"
EndProject
Project("{FAE04EC0-301F-11D3-BF4B-00C04F79EFBC}") = "Car_Rental_System.Domain", "..\Car_Rental_System.Domain\Car_Rental_System.Domain.csproj", "{8C6C33B9-EDE7-4DB7-A44D-9A6304F61028}"
EndProject
Project("{FAE04EC0-301F-11D3-BF4B-00C04F79EFBC}") = "Car_Rental_System.Infrastructure", "..\Car_Rental_System.Infrastructure\Car_Rental_System.Infrastructure.csproj", "{CB0E122C-6492-4126-AE09-4D0CC55EB259}"
EndProject
Project("{FAE04EC0-301F-11D3-BF4B-00C04F79EFBC}") = "SharedKernel", "..\SharedKernel\SharedKernel.csproj", "{430D7E40-500C-4B67-ABF9-C817438EC817}"
EndProject
Project("{FAE04EC0-301F-11D3-BF4B-00C04F79EFBC}") = "Car_Rental_System.WebScraping", "..\Car_Rental_System.WebScraping\Car_Rental_System.WebScraping.csproj", "{663B8426-3766-4962-86FF-36162C3A4568}"
EndProject
Global
	GlobalSection(SolutionConfigurationPlatforms) = preSolution
		Debug|Any CPU = Debug|Any CPU
		Release|Any CPU = Release|Any CPU
	EndGlobalSection
	GlobalSection(ProjectConfigurationPlatforms) = postSolution
		{4FB666B2-4F1F-44B3-8C13-A389605949AC}.Debug|Any CPU.ActiveCfg = Debug|Any CPU
		{4FB666B2-4F1F-44B3-8C13-A389605949AC}.Debug|Any CPU.Build.0 = Debug|Any CPU
		{4FB666B2-4F1F-44B3-8C13-A389605949AC}.Release|Any CPU.ActiveCfg = Release|Any CPU
		{4FB666B2-4F1F-44B3-8C13-A389605949AC}.Release|Any CPU.Build.0 = Release|Any CPU
		{A1AA10FD-694F-431B-AEF1-CC06C5FBA438}.Debug|Any CPU.ActiveCfg = Debug|Any CPU
		{A1AA10FD-694F-431B-AEF1-CC06C5FBA438}.Debug|Any CPU.Build.0 = Debug|Any CPU
		{A1AA10FD-694F-431B-AEF1-CC06C5FBA438}.Release|Any CPU.ActiveCfg = Release|Any CPU
		{A1AA10FD-694F-431B-AEF1-CC06C5FBA438}.Release|Any CPU.Build.0 = Release|Any CPU
		{8C6C33B9-EDE7-4DB7-A44D-9A6304F61028}.Debug|Any CPU.ActiveCfg = Debug|Any CPU
		{8C6C33B9-EDE7-4DB7-A44D-9A6304F61028}.Debug|Any CPU.Build.0 = Debug|Any CPU
		{8C6C33B9-EDE7-4DB7-A44D-9A6304F61028}.Release|Any CPU.ActiveCfg = Release|Any CPU
		{8C6C33B9-EDE7-4DB7-A44D-9A6304F61028}.Release|Any CPU.Build.0 = Release|Any CPU
		{CB0E122C-6492-4126-AE09-4D0CC55EB259}.Debug|Any CPU.ActiveCfg = Debug|Any CPU
		{CB0E122C-6492-4126-AE09-4D0CC55EB259}.Debug|Any CPU.Build.0 = Debug|Any CPU
		{CB0E122C-6492-4126-AE09-4D0CC55EB259}.Release|Any CPU.ActiveCfg = Release|Any CPU
		{CB0E122C-6492-4126-AE09-4D0CC55EB259}.Release|Any CPU.Build.0 = Release|Any CPU
		{430D7E40-500C-4B67-ABF9-C817438EC817}.Debug|Any CPU.ActiveCfg = Debug|Any CPU
		{430D7E40-500C-4B67-ABF9-C817438EC817}.Debug|Any CPU.Build.0 = Debug|Any CPU
		{430D7E40-500C-4B67-ABF9-C817438EC817}.Release|Any CPU.ActiveCfg = Release|Any CPU
		{430D7E40-500C-4B67-ABF9-C817438EC817}.Release|Any CPU.Build.0 = Release|Any CPU
		{663B8426-3766-4962-86FF-36162C3A4568}.Debug|Any CPU.ActiveCfg = Debug|Any CPU
		{663B8426-3766-4962-86FF-36162C3A4568}.Debug|Any CPU.Build.0 = Debug|Any CPU
		{663B8426-3766-4962-86FF-36162C3A4568}.Release|Any CPU.ActiveCfg = Release|Any CPU
		{663B8426-3766-4962-86FF-36162C3A4568}.Release|Any CPU.Build.0 = Release|Any CPU
	EndGlobalSection
	GlobalSection(SolutionProperties) = preSolution
		HideSolutionNode = FALSE
	EndGlobalSection
	GlobalSection(ExtensibilityGlobals) = postSolution
		SolutionGuid = {C388B750-D33D-4544-87CA-D611578A75F7}
	EndGlobalSection
EndGlobal
